{
  "name": "kyber-poc",
  "version": "0.0.0",
  "lockfileVersion": 1,
  "requires": true,
  "dependencies": {
    "bootstrap": {
      "version": "4.0.0",
      "resolved": "https://registry.npmjs.org/bootstrap/-/bootstrap-4.0.0.tgz",
      "integrity": "sha512-gulJE5dGFo6Q61V/whS6VM4WIyrlydXfCgkE+Gxe5hjrJ8rXLLZlALq7zq2RPhOc45PSwQpJkrTnc2KgD6cvmA=="
    },
    "ngx-bootstrap": {
      "version": "2.0.2",
      "resolved": "https://registry.npmjs.org/ngx-bootstrap/-/ngx-bootstrap-2.0.2.tgz",
      "integrity": "sha512-4ZTltcStUED2JzI9Hd1+FDaMQmukzbeBSS02hdTvuUJ+9hNtGLMSPGdPNRIniIyItzv3v3emJrAAtKkvOMxyCA=="
    }
  }
}
